{
  "nodes": {
    "nixpkgs": {
      "locked": {
        "lastModified": 1779952895,
        "narHash": "sha256-j0P9+h7HX67KNlGki6puFfx8xO6wx4Jz23jXg3dpfCw=",
        "owner": "NixOS",
        "repo": "nixpkgs",
        "rev": "7bbe929cc678c8d32f0c23e2dffb5b4f2e68a9b5",
        "type": "github"
      },
      "original": {
        "owner": "NixOS",
        "ref": "staging-next",
        "repo": "nixpkgs",
        "type": "github"
      }
    },
    "root": {
      "inputs": {
        "nixpkgs": "nixpkgs"
      }
    }
  },
  "root": "root",
  "version": 7
}
